
Microsoft Visual Studio Solution File, Format Version 12.00
# Visual Studio Version 17
VisualStudioVersion = 17.8.34322.80
MinimumVisualStudioVersion = 10.0.40219.1
Project("{FAE04EC0-301F-11D3-BF4B-00C04F79EFBC}") = "pizza", "pizza\pizza.csproj", "{82A2257C-D8BA-4628-A444-5D6A40610B83}"
EndProject
Global
	GlobalSection(SolutionConfigurationPlatforms) = preSolution
		Debug|Any CPU = Debug|Any CPU
		Release|Any CPU = Release|Any CPU
	EndGlobalSection
	GlobalSection(ProjectConfigurationPlatforms) = postSolution
		{82A2257C-D8BA-4628-A444-5D6A40610B83}.Debug|Any CPU.ActiveCfg = Debug|Any CPU
		{82A2257C-D8BA-4628-A444-5D6A40610B83}.Debug|Any CPU.Build.0 = Debug|Any CPU
		{82A2257C-D8BA-4628-A444-5D6A40610B83}.Release|Any CPU.ActiveCfg = Release|Any CPU
		{82A2257C-D8BA-4628-A444-5D6A40610B83}.Release|Any CPU.Build.0 = Release|Any CPU
	EndGlobalSection
	GlobalSection(SolutionProperties) = preSolution
		HideSolutionNode = FALSE
	EndGlobalSection
	GlobalSection(ExtensibilityGlobals) = postSolution
		SolutionGuid = {77907934-C294-4B8B-8860-B886F7D910B5}
	EndGlobalSection
EndGlobal
